
Microsoft Visual Studio Solution File, Format Version 12.00
# Visual Studio Version 16
VisualStudioVersion = 16.0.30907.101
MinimumVisualStudioVersion = 10.0.40219.1
Project("{FAE04EC0-301F-11D3-BF4B-00C04F79EFBC}") = "YieldKeyword", "YieldKeyword\YieldKeyword.csproj", "{E51A76B9-BD6B-475E-A00E-1AB865C03B1B}"
EndProject
Global
	GlobalSection(SolutionConfigurationPlatforms) = preSolution
		Debug|Any CPU = Debug|Any CPU
		Release|Any CPU = Release|Any CPU
	EndGlobalSection
	GlobalSection(ProjectConfigurationPlatforms) = postSolution
		{E51A76B9-BD6B-475E-A00E-1AB865C03B1B}.Debug|Any CPU.ActiveCfg = Debug|Any CPU
		{E51A76B9-BD6B-475E-A00E-1AB865C03B1B}.Debug|Any CPU.Build.0 = Debug|Any CPU
		{E51A76B9-BD6B-475E-A00E-1AB865C03B1B}.Release|Any CPU.ActiveCfg = Release|Any CPU
		{E51A76B9-BD6B-475E-A00E-1AB865C03B1B}.Release|Any CPU.Build.0 = Release|Any CPU
	EndGlobalSection
	GlobalSection(SolutionProperties) = preSolution
		HideSolutionNode = FALSE
	EndGlobalSection
	GlobalSection(ExtensibilityGlobals) = postSolution
		SolutionGuid = {541C335A-AF83-4DF5-81F1-1959F81C38CF}
	EndGlobalSection
EndGlobal
